
Microsoft Visual Studio Solution File, Format Version 12.00
# Visual Studio 15
Project("{FAE04EC0-301F-11D3-BF4B-00C04F79EFBC}") = "Class-Project-2020", "Class-Project-2020\Class-Project-2020.csproj", "{40AFFECE-BAD0-4E83-BBB6-6394610FFA05}"
EndProject
Global
	GlobalSection(SolutionConfigurationPlatforms) = preSolution
		Debug|Any CPU = Debug|Any CPU
		Release|Any CPU = Release|Any CPU
	EndGlobalSection
	GlobalSection(ProjectConfigurationPlatforms) = postSolution
		{40AFFECE-BAD0-4E83-BBB6-6394610FFA05}.Debug|Any CPU.ActiveCfg = Debug|Any CPU
		{40AFFECE-BAD0-4E83-BBB6-6394610FFA05}.Debug|Any CPU.Build.0 = Debug|Any CPU
		{40AFFECE-BAD0-4E83-BBB6-6394610FFA05}.Release|Any CPU.ActiveCfg = Release|Any CPU
		{40AFFECE-BAD0-4E83-BBB6-6394610FFA05}.Release|Any CPU.Build.0 = Release|Any CPU
	EndGlobalSection
EndGlobal
